// !$*UTF8*$!
{
	archiveVersion = 1;
	classes = {
	};
	objectVersion = 56;
	objects = {

/* Begin PBXBuildFile section */
		5000C6C22AF7C7350057EF2D /* BottomTabView.swift in Sources */ = {isa = PBXBuildFile; fileRef = 5000C6C12AF7C7350057EF2D /* BottomTabView.swift */; };
		5000C6C52AF8B9EF0057EF2D /* BottomTabViewRouter.swift in Sources */ = {isa = PBXBuildFile; fileRef = 5000C6C42AF8B9EF0057EF2D /* BottomTabViewRouter.swift */; };
		5000C6C72AF8BA580057EF2D /* BottomTabViewItem.swift in Sources */ = {isa = PBXBuildFile; fileRef = 5000C6C62AF8BA580057EF2D /* BottomTabViewItem.swift */; };
		5000C6C92AF8C3440057EF2D /* SearchPage.swift in Sources */ = {isa = PBXBuildFile; fileRef = 5000C6C82AF8C3440057EF2D /* SearchPage.swift */; };
		5000C6CC2AF8CFB30057EF2D /* MessageDetailPage.swift in Sources */ = {isa = PBXBuildFile; fileRef = 5000C6CB2AF8CFB30057EF2D /* MessageDetailPage.swift */; };
		5000C6CE2AF8D9A20057EF2D /* MessageView.swift in Sources */ = {isa = PBXBuildFile; fileRef = 5000C6CD2AF8D9A20057EF2D /* MessageView.swift */; };
		5004770A2B05DAAC0031AA94 /* AsyncImageView.swift in Sources */ = {isa = PBXBuildFile; fileRef = 500477092B05DAAC0031AA94 /* AsyncImageView.swift */; };
		500F66212B257D4D0074FE3C /* Dtos.swift in Sources */ = {isa = PBXBuildFile; fileRef = 500F66202B257D4D0074FE3C /* Dtos.swift */; };
		500F66242B25CE320074FE3C /* LocalCacheKeys.swift in Sources */ = {isa = PBXBuildFile; fileRef = 500F66232B25CE320074FE3C /* LocalCacheKeys.swift */; };
		500F66262B2854A90074FE3C /* LocalCache.swift in Sources */ = {isa = PBXBuildFile; fileRef = 500F66252B2854A80074FE3C /* LocalCache.swift */; };
		50277F742AF117700045AB12 /* HomePage.swift in Sources */ = {isa = PBXBuildFile; fileRef = 50277F732AF117700045AB12 /* HomePage.swift */; };
		50277F772AF117970045AB12 /* FavoritePage.swift in Sources */ = {isa = PBXBuildFile; fileRef = 50277F762AF117970045AB12 /* FavoritePage.swift */; };
		50277F7A2AF117B20045AB12 /* MessagePage.swift in Sources */ = {isa = PBXBuildFile; fileRef = 50277F792AF117B20045AB12 /* MessagePage.swift */; };
		50277F7D2AF117CE0045AB12 /* UserProfilePage.swift in Sources */ = {isa = PBXBuildFile; fileRef = 50277F7C2AF117CE0045AB12 /* UserProfilePage.swift */; };
		50277F802AF12A700045AB12 /* SearchBarView.swift in Sources */ = {isa = PBXBuildFile; fileRef = 50277F7F2AF12A700045AB12 /* SearchBarView.swift */; };
		50277F822AF1512E0045AB12 /* PostCardView.swift in Sources */ = {isa = PBXBuildFile; fileRef = 50277F812AF1512E0045AB12 /* PostCardView.swift */; };
		502A4FF02B32D34B00C0833A /* Color+Extensions.swift in Sources */ = {isa = PBXBuildFile; fileRef = 502A4FEF2B32D34B00C0833A /* Color+Extensions.swift */; };
		502A4FF22B32D37F00C0833A /* CLLocationCoordinate2D+Extensions.swift in Sources */ = {isa = PBXBuildFile; fileRef = 502A4FF12B32D37E00C0833A /* CLLocationCoordinate2D+Extensions.swift */; };
		502A4FF62B32D48400C0833A /* PostListService.swift in Sources */ = {isa = PBXBuildFile; fileRef = 502A4FF52B32D48400C0833A /* PostListService.swift */; };
		502A4FF82B32D4CD00C0833A /* PostListDto.swift in Sources */ = {isa = PBXBuildFile; fileRef = 502A4FF72B32D4CD00C0833A /* PostListDto.swift */; };
		502A4FFA2B32D68B00C0833A /* PostDto.swift in Sources */ = {isa = PBXBuildFile; fileRef = 502A4FF92B32D68B00C0833A /* PostDto.swift */; };
		502A4FFC2B32D71500C0833A /* UserDto.swift in Sources */ = {isa = PBXBuildFile; fileRef = 502A4FFB2B32D71500C0833A /* UserDto.swift */; };
		50369A682B2DBCD9005D6B43 /* UserLoginDto.swift in Sources */ = {isa = PBXBuildFile; fileRef = 50369A672B2DBCD9005D6B43 /* UserLoginDto.swift */; };
		50369A6B2B2DBD67005D6B43 /* PostCreateDto.swift in Sources */ = {isa = PBXBuildFile; fileRef = 50369A6A2B2DBD67005D6B43 /* PostCreateDto.swift */; };
		50369A6D2B300908005D6B43 /* PostCreateService.swift in Sources */ = {isa = PBXBuildFile; fileRef = 50369A6C2B300908005D6B43 /* PostCreateService.swift */; };
		50369A702B304196005D6B43 /* PostCreateViewModel.swift in Sources */ = {isa = PBXBuildFile; fileRef = 50369A6F2B304195005D6B43 /* PostCreateViewModel.swift */; };
		503794AC2AF1F44A00DA64F4 /* BottomDrawerView.swift in Sources */ = {isa = PBXBuildFile; fileRef = 503794AB2AF1F44A00DA64F4 /* BottomDrawerView.swift */; };
		5037D2C92AF2337400108F0F /* MessageRowView.swift in Sources */ = {isa = PBXBuildFile; fileRef = 5037D2C82AF2337400108F0F /* MessageRowView.swift */; };
		503905782B340A4E005B574F /* Alamofire in Frameworks */ = {isa = PBXBuildFile; productRef = 503905772B340A4E005B574F /* Alamofire */; };
		5039057A2B341418005B574F /* PostListNearbyViewModel.swift in Sources */ = {isa = PBXBuildFile; fileRef = 503905792B341418005B574F /* PostListNearbyViewModel.swift */; };
		5054CDEC2B28807800645F5C /* LocalCacheViewModel.swift in Sources */ = {isa = PBXBuildFile; fileRef = 5054CDEB2B28807800645F5C /* LocalCacheViewModel.swift */; };
		5054CDEF2B288D3300645F5C /* UserLoginService.swift in Sources */ = {isa = PBXBuildFile; fileRef = 5054CDEE2B288D3300645F5C /* UserLoginService.swift */; };
		5054CDF12B288D6C00645F5C /* UserRegisterService.swift in Sources */ = {isa = PBXBuildFile; fileRef = 5054CDF02B288D6C00645F5C /* UserRegisterService.swift */; };
		5054CDF32B28954E00645F5C /* UserInfo.swift in Sources */ = {isa = PBXBuildFile; fileRef = 5054CDF22B28954E00645F5C /* UserInfo.swift */; };
		5054CDF52B289E7F00645F5C /* LoginViewModel.swift in Sources */ = {isa = PBXBuildFile; fileRef = 5054CDF42B289E7F00645F5C /* LoginViewModel.swift */; };
		5090C4372B04DDEA008931A6 /* users.json in Resources */ = {isa = PBXBuildFile; fileRef = 5090C4362B04DDEA008931A6 /* users.json */; };
		5090C4392B04E5CF008931A6 /* posts.json in Resources */ = {isa = PBXBuildFile; fileRef = 5090C4382B04E5CF008931A6 /* posts.json */; };
		50998AEC2B35B839002196B5 /* LoginPage.swift in Sources */ = {isa = PBXBuildFile; fileRef = 50998AEB2B35B839002196B5 /* LoginPage.swift */; };
		50998AEE2B35BAAD002196B5 /* LoginRegisterComponentBuilder.swift in Sources */ = {isa = PBXBuildFile; fileRef = 50998AED2B35BAAD002196B5 /* LoginRegisterComponentBuilder.swift */; };
		50998AF02B35D00D002196B5 /* LoginOrRegisterPage.swift in Sources */ = {isa = PBXBuildFile; fileRef = 50998AEF2B35D00D002196B5 /* LoginOrRegisterPage.swift */; };
		50998AF22B35D195002196B5 /* ResetPasswordPage.swift in Sources */ = {isa = PBXBuildFile; fileRef = 50998AF12B35D195002196B5 /* ResetPasswordPage.swift */; };
		50998AF42B35D376002196B5 /* RegularRegisterPage.swift in Sources */ = {isa = PBXBuildFile; fileRef = 50998AF32B35D376002196B5 /* RegularRegisterPage.swift */; };
		50998AF72B35D4EA002196B5 /* RegularUserRegisterViewModel.swift in Sources */ = {isa = PBXBuildFile; fileRef = 50998AF62B35D4EA002196B5 /* RegularUserRegisterViewModel.swift */; };
		50998AFB2B35D512002196B5 /* RegularUserRegisterRequestDto.swift in Sources */ = {isa = PBXBuildFile; fileRef = 50998AFA2B35D512002196B5 /* RegularUserRegisterRequestDto.swift */; };
		50998AFE2B366C29002196B5 /* WrappingHStack.swift in Sources */ = {isa = PBXBuildFile; fileRef = 50998AFD2B366C29002196B5 /* WrappingHStack.swift */; };
		50998B022B36842A002196B5 /* BusinessRegisterPage.swift in Sources */ = {isa = PBXBuildFile; fileRef = 50998B012B36842A002196B5 /* BusinessRegisterPage.swift */; };
		50998B042B3708FC002196B5 /* BusinessuserRegisterRequestDto.swift in Sources */ = {isa = PBXBuildFile; fileRef = 50998B032B3708FC002196B5 /* BusinessuserRegisterRequestDto.swift */; };
		50998B062B37096B002196B5 /* BusinessUserRegisterViewModel.swift in Sources */ = {isa = PBXBuildFile; fileRef = 50998B052B37096B002196B5 /* BusinessUserRegisterViewModel.swift */; };
		50998B082B370B34002196B5 /* BusinessCategoryPage.swift in Sources */ = {isa = PBXBuildFile; fileRef = 50998B072B370B34002196B5 /* BusinessCategoryPage.swift */; };
		50998B0A2B370ED5002196B5 /* TagView.swift in Sources */ = {isa = PBXBuildFile; fileRef = 50998B092B370ED5002196B5 /* TagView.swift */; };
		50998B0C2B371086002196B5 /* BusinessCategory.swift in Sources */ = {isa = PBXBuildFile; fileRef = 50998B0B2B371086002196B5 /* BusinessCategory.swift */; };
		50998B0E2B3723C2002196B5 /* BusinessAddressPage.swift in Sources */ = {isa = PBXBuildFile; fileRef = 50998B0D2B3723C2002196B5 /* BusinessAddressPage.swift */; };
		50998B102B39161D002196B5 /* RegexConstants.swift in Sources */ = {isa = PBXBuildFile; fileRef = 50998B0F2B39161D002196B5 /* RegexConstants.swift */; };
		509CDA342B1F1AE9004A6D22 /* RegisterPage.swift in Sources */ = {isa = PBXBuildFile; fileRef = 509CDA332B1F1AE9004A6D22 /* RegisterPage.swift */; };
		509CDA372B1F1AFE004A6D22 /* CustomInputField.swift in Sources */ = {isa = PBXBuildFile; fileRef = 509CDA362B1F1AFE004A6D22 /* CustomInputField.swift */; };
		509CDA392B1F2414004A6D22 /* LoginRegisterUtil.swift in Sources */ = {isa = PBXBuildFile; fileRef = 509CDA382B1F2414004A6D22 /* LoginRegisterUtil.swift */; };
		50AAB17D2AEFA2E9003FEDF1 /* locarieApp.swift in Sources */ = {isa = PBXBuildFile; fileRef = 50AAB17C2AEFA2E9003FEDF1 /* locarieApp.swift */; };
		50AAB17F2AEFA2E9003FEDF1 /* LocarieView.swift in Sources */ = {isa = PBXBuildFile; fileRef = 50AAB17E2AEFA2E9003FEDF1 /* LocarieView.swift */; };
		50AAB1812AEFA2EC003FEDF1 /* Assets.xcassets in Resources */ = {isa = PBXBuildFile; fileRef = 50AAB1802AEFA2EC003FEDF1 /* Assets.xcassets */; };
		50AAB1842AEFA2EC003FEDF1 /* Preview Assets.xcassets in Resources */ = {isa = PBXBuildFile; fileRef = 50AAB1832AEFA2EC003FEDF1 /* Preview Assets.xcassets */; };
		50AAB18E2AEFA2ED003FEDF1 /* locarieTests.swift in Sources */ = {isa = PBXBuildFile; fileRef = 50AAB18D2AEFA2ED003FEDF1 /* locarieTests.swift */; };
		50AAB1982AEFA2ED003FEDF1 /* locarieUITests.swift in Sources */ = {isa = PBXBuildFile; fileRef = 50AAB1972AEFA2ED003FEDF1 /* locarieUITests.swift */; };
		50AAB19A2AEFA2ED003FEDF1 /* locarieUITestsLaunchTests.swift in Sources */ = {isa = PBXBuildFile; fileRef = 50AAB1992AEFA2ED003FEDF1 /* locarieUITestsLaunchTests.swift */; };
		50B11ACF2AF9DE77002A7B91 /* NewPostPage.swift in Sources */ = {isa = PBXBuildFile; fileRef = 50B11ACE2AF9DE77002A7B91 /* NewPostPage.swift */; };
		50B11AD32AFA063B002A7B91 /* PhotoViewModel.swift in Sources */ = {isa = PBXBuildFile; fileRef = 50B11AD22AFA063B002A7B91 /* PhotoViewModel.swift */; };
		50B11AD52AFA0F65002A7B91 /* ImageAttachmentView.swift in Sources */ = {isa = PBXBuildFile; fileRef = 50B11AD42AFA0F65002A7B91 /* ImageAttachmentView.swift */; };
		50B11AD72AFA28E9002A7B91 /* BusinessHomePage.swift in Sources */ = {isa = PBXBuildFile; fileRef = 50B11AD62AFA28E8002A7B91 /* BusinessHomePage.swift */; };
		50B11ADA2AFB3661002A7B91 /* PostDetailPage.swift in Sources */ = {isa = PBXBuildFile; fileRef = 50B11AD92AFB3660002A7B91 /* PostDetailPage.swift */; };
		50B11ADC2AFB51F5002A7B91 /* AvatarView.swift in Sources */ = {isa = PBXBuildFile; fileRef = 50B11ADB2AFB51F5002A7B91 /* AvatarView.swift */; };
		50B11ADF2AFB7850002A7B91 /* ReviewView.swift in Sources */ = {isa = PBXBuildFile; fileRef = 50B11ADE2AFB7850002A7B91 /* ReviewView.swift */; };
		50B11AE12AFB7A46002A7B91 /* ReviewPage.swift in Sources */ = {isa = PBXBuildFile; fileRef = 50B11AE02AFB7A46002A7B91 /* ReviewPage.swift */; };
		50B11AE62AFB8368002A7B91 /* Message.swift in Sources */ = {isa = PBXBuildFile; fileRef = 50B11AE52AFB8368002A7B91 /* Message.swift */; };
		50B11AE82AFB8392002A7B91 /* User.swift in Sources */ = {isa = PBXBuildFile; fileRef = 50B11AE72AFB8392002A7B91 /* User.swift */; };
		50B11AEB2AFB8795002A7B91 /* MessageViewModel.swift in Sources */ = {isa = PBXBuildFile; fileRef = 50B11AEA2AFB8795002A7B91 /* MessageViewModel.swift */; };
		50B5DEBF2B3ADE1800C0A641 /* MapboxMaps in Frameworks */ = {isa = PBXBuildFile; productRef = 50B5DEBE2B3ADE1800C0A641 /* MapboxMaps */; };
		50E60DDD2AFF78D400CA088F /* Post.swift in Sources */ = {isa = PBXBuildFile; fileRef = 50E60DDC2AFF78D400CA088F /* Post.swift */; };
		50E60DDF2AFF79A400CA088F /* PostViewModel.swift in Sources */ = {isa = PBXBuildFile; fileRef = 50E60DDE2AFF79A400CA088F /* PostViewModel.swift */; };
		50E60DE52AFF80B400CA088F /* UserViewModel.swift in Sources */ = {isa = PBXBuildFile; fileRef = 50E60DE42AFF80B400CA088F /* UserViewModel.swift */; };
		50E60DE82AFF885F00CA088F /* Util.swift in Sources */ = {isa = PBXBuildFile; fileRef = 50E60DE72AFF885F00CA088F /* Util.swift */; };
		50E60DEA2B006FB100CA088F /* LocationManager.swift in Sources */ = {isa = PBXBuildFile; fileRef = 50E60DE92B006FB100CA088F /* LocationManager.swift */; };
		50F85B3D2B23F09B00D04787 /* APIEndpoints.swift in Sources */ = {isa = PBXBuildFile; fileRef = 50F85B3C2B23F09B00D04787 /* APIEndpoints.swift */; };
		50F85B432B242CA000D04787 /* Errors.swift in Sources */ = {isa = PBXBuildFile; fileRef = 50F85B422B242CA000D04787 /* Errors.swift */; };
		50F85B452B242EE200D04787 /* APIServices.swift in Sources */ = {isa = PBXBuildFile; fileRef = 50F85B442B242EE200D04787 /* APIServices.swift */; };
/* End PBXBuildFile section */

/* Begin PBXContainerItemProxy section */
		50AAB18A2AEFA2ED003FEDF1 /* PBXContainerItemProxy */ = {
			isa = PBXContainerItemProxy;
			containerPortal = 50AAB1712AEFA2E9003FEDF1 /* Project object */;
			proxyType = 1;
			remoteGlobalIDString = 50AAB1782AEFA2E9003FEDF1;
			remoteInfo = locarie;
		};
		50AAB1942AEFA2ED003FEDF1 /* PBXContainerItemProxy */ = {
			isa = PBXContainerItemProxy;
			containerPortal = 50AAB1712AEFA2E9003FEDF1 /* Project object */;
			proxyType = 1;
			remoteGlobalIDString = 50AAB1782AEFA2E9003FEDF1;
			remoteInfo = locarie;
		};
/* End PBXContainerItemProxy section */

/* Begin PBXFileReference section */
		5000C6C12AF7C7350057EF2D /* BottomTabView.swift */ = {isa = PBXFileReference; lastKnownFileType = sourcecode.swift; path = BottomTabView.swift; sourceTree = "<group>"; };
		5000C6C42AF8B9EF0057EF2D /* BottomTabViewRouter.swift */ = {isa = PBXFileReference; lastKnownFileType = sourcecode.swift; path = BottomTabViewRouter.swift; sourceTree = "<group>"; };
		5000C6C62AF8BA580057EF2D /* BottomTabViewItem.swift */ = {isa = PBXFileReference; lastKnownFileType = sourcecode.swift; path = BottomTabViewItem.swift; sourceTree = "<group>"; };
		5000C6C82AF8C3440057EF2D /* SearchPage.swift */ = {isa = PBXFileReference; lastKnownFileType = sourcecode.swift; path = SearchPage.swift; sourceTree = "<group>"; };
		5000C6CB2AF8CFB30057EF2D /* MessageDetailPage.swift */ = {isa = PBXFileReference; lastKnownFileType = sourcecode.swift; path = MessageDetailPage.swift; sourceTree = "<group>"; };
		5000C6CD2AF8D9A20057EF2D /* MessageView.swift */ = {isa = PBXFileReference; lastKnownFileType = sourcecode.swift; path = MessageView.swift; sourceTree = "<group>"; };
		500477092B05DAAC0031AA94 /* AsyncImageView.swift */ = {isa = PBXFileReference; lastKnownFileType = sourcecode.swift; path = AsyncImageView.swift; sourceTree = "<group>"; };
		500F66202B257D4D0074FE3C /* Dtos.swift */ = {isa = PBXFileReference; lastKnownFileType = sourcecode.swift; path = Dtos.swift; sourceTree = "<group>"; };
		500F66232B25CE320074FE3C /* LocalCacheKeys.swift */ = {isa = PBXFileReference; lastKnownFileType = sourcecode.swift; path = LocalCacheKeys.swift; sourceTree = "<group>"; };
		500F66252B2854A80074FE3C /* LocalCache.swift */ = {isa = PBXFileReference; lastKnownFileType = sourcecode.swift; path = LocalCache.swift; sourceTree = "<group>"; };
		50277F732AF117700045AB12 /* HomePage.swift */ = {isa = PBXFileReference; lastKnownFileType = sourcecode.swift; path = HomePage.swift; sourceTree = "<group>"; };
		50277F762AF117970045AB12 /* FavoritePage.swift */ = {isa = PBXFileReference; lastKnownFileType = sourcecode.swift; path = FavoritePage.swift; sourceTree = "<group>"; };
		50277F792AF117B20045AB12 /* MessagePage.swift */ = {isa = PBXFileReference; lastKnownFileType = sourcecode.swift; path = MessagePage.swift; sourceTree = "<group>"; };
		50277F7C2AF117CE0045AB12 /* UserProfilePage.swift */ = {isa = PBXFileReference; lastKnownFileType = sourcecode.swift; path = UserProfilePage.swift; sourceTree = "<group>"; };
		50277F7F2AF12A700045AB12 /* SearchBarView.swift */ = {isa = PBXFileReference; lastKnownFileType = sourcecode.swift; path = SearchBarView.swift; sourceTree = "<group>"; };
		50277F812AF1512E0045AB12 /* PostCardView.swift */ = {isa = PBXFileReference; lastKnownFileType = sourcecode.swift; path = PostCardView.swift; sourceTree = "<group>"; };
		502A4FEF2B32D34B00C0833A /* Color+Extensions.swift */ = {isa = PBXFileReference; lastKnownFileType = sourcecode.swift; path = "Color+Extensions.swift"; sourceTree = "<group>"; };
		502A4FF12B32D37E00C0833A /* CLLocationCoordinate2D+Extensions.swift */ = {isa = PBXFileReference; lastKnownFileType = sourcecode.swift; path = "CLLocationCoordinate2D+Extensions.swift"; sourceTree = "<group>"; };
		502A4FF52B32D48400C0833A /* PostListService.swift */ = {isa = PBXFileReference; lastKnownFileType = sourcecode.swift; path = PostListService.swift; sourceTree = "<group>"; };
		502A4FF72B32D4CD00C0833A /* PostListDto.swift */ = {isa = PBXFileReference; lastKnownFileType = sourcecode.swift; path = PostListDto.swift; sourceTree = "<group>"; };
		502A4FF92B32D68B00C0833A /* PostDto.swift */ = {isa = PBXFileReference; lastKnownFileType = sourcecode.swift; path = PostDto.swift; sourceTree = "<group>"; };
		502A4FFB2B32D71500C0833A /* UserDto.swift */ = {isa = PBXFileReference; lastKnownFileType = sourcecode.swift; path = UserDto.swift; sourceTree = "<group>"; };
		50369A672B2DBCD9005D6B43 /* UserLoginDto.swift */ = {isa = PBXFileReference; lastKnownFileType = sourcecode.swift; path = UserLoginDto.swift; sourceTree = "<group>"; };
		50369A6A2B2DBD67005D6B43 /* PostCreateDto.swift */ = {isa = PBXFileReference; lastKnownFileType = sourcecode.swift; path = PostCreateDto.swift; sourceTree = "<group>"; };
		50369A6C2B300908005D6B43 /* PostCreateService.swift */ = {isa = PBXFileReference; lastKnownFileType = sourcecode.swift; path = PostCreateService.swift; sourceTree = "<group>"; };
		50369A6F2B304195005D6B43 /* PostCreateViewModel.swift */ = {isa = PBXFileReference; indentWidth = 2; lastKnownFileType = sourcecode.swift; path = PostCreateViewModel.swift; sourceTree = "<group>"; tabWidth = 2; };
		503794AB2AF1F44A00DA64F4 /* BottomDrawerView.swift */ = {isa = PBXFileReference; lastKnownFileType = sourcecode.swift; path = BottomDrawerView.swift; sourceTree = "<group>"; };
		5037D2C82AF2337400108F0F /* MessageRowView.swift */ = {isa = PBXFileReference; lastKnownFileType = sourcecode.swift; path = MessageRowView.swift; sourceTree = "<group>"; };
		503905792B341418005B574F /* PostListNearbyViewModel.swift */ = {isa = PBXFileReference; lastKnownFileType = sourcecode.swift; path = PostListNearbyViewModel.swift; sourceTree = "<group>"; };
		5054CDEB2B28807800645F5C /* LocalCacheViewModel.swift */ = {isa = PBXFileReference; lastKnownFileType = sourcecode.swift; path = LocalCacheViewModel.swift; sourceTree = "<group>"; };
		5054CDEE2B288D3300645F5C /* UserLoginService.swift */ = {isa = PBXFileReference; lastKnownFileType = sourcecode.swift; path = UserLoginService.swift; sourceTree = "<group>"; };
		5054CDF02B288D6C00645F5C /* UserRegisterService.swift */ = {isa = PBXFileReference; lastKnownFileType = sourcecode.swift; path = UserRegisterService.swift; sourceTree = "<group>"; };
		5054CDF22B28954E00645F5C /* UserInfo.swift */ = {isa = PBXFileReference; lastKnownFileType = sourcecode.swift; path = UserInfo.swift; sourceTree = "<group>"; };
		5054CDF42B289E7F00645F5C /* LoginViewModel.swift */ = {isa = PBXFileReference; lastKnownFileType = sourcecode.swift; path = LoginViewModel.swift; sourceTree = "<group>"; };
		5090C4362B04DDEA008931A6 /* users.json */ = {isa = PBXFileReference; lastKnownFileType = text.json; path = users.json; sourceTree = "<group>"; };
		5090C4382B04E5CF008931A6 /* posts.json */ = {isa = PBXFileReference; lastKnownFileType = text.json; path = posts.json; sourceTree = "<group>"; };
		50998AEB2B35B839002196B5 /* LoginPage.swift */ = {isa = PBXFileReference; lastKnownFileType = sourcecode.swift; path = LoginPage.swift; sourceTree = "<group>"; };
		50998AED2B35BAAD002196B5 /* LoginRegisterComponentBuilder.swift */ = {isa = PBXFileReference; lastKnownFileType = sourcecode.swift; path = LoginRegisterComponentBuilder.swift; sourceTree = "<group>"; };
		50998AEF2B35D00D002196B5 /* LoginOrRegisterPage.swift */ = {isa = PBXFileReference; lastKnownFileType = sourcecode.swift; path = LoginOrRegisterPage.swift; sourceTree = "<group>"; };
		50998AF12B35D195002196B5 /* ResetPasswordPage.swift */ = {isa = PBXFileReference; lastKnownFileType = sourcecode.swift; path = ResetPasswordPage.swift; sourceTree = "<group>"; };
		50998AF32B35D376002196B5 /* RegularRegisterPage.swift */ = {isa = PBXFileReference; lastKnownFileType = sourcecode.swift; path = RegularRegisterPage.swift; sourceTree = "<group>"; };
		50998AF62B35D4EA002196B5 /* RegularUserRegisterViewModel.swift */ = {isa = PBXFileReference; lastKnownFileType = sourcecode.swift; path = RegularUserRegisterViewModel.swift; sourceTree = "<group>"; };
		50998AFA2B35D512002196B5 /* RegularUserRegisterRequestDto.swift */ = {isa = PBXFileReference; lastKnownFileType = sourcecode.swift; path = RegularUserRegisterRequestDto.swift; sourceTree = "<group>"; };
		50998AFD2B366C29002196B5 /* WrappingHStack.swift */ = {isa = PBXFileReference; lastKnownFileType = sourcecode.swift; path = WrappingHStack.swift; sourceTree = "<group>"; };
		50998B012B36842A002196B5 /* BusinessRegisterPage.swift */ = {isa = PBXFileReference; lastKnownFileType = sourcecode.swift; path = BusinessRegisterPage.swift; sourceTree = "<group>"; };
		50998B032B3708FC002196B5 /* BusinessuserRegisterRequestDto.swift */ = {isa = PBXFileReference; lastKnownFileType = sourcecode.swift; path = BusinessuserRegisterRequestDto.swift; sourceTree = "<group>"; };
		50998B052B37096B002196B5 /* BusinessUserRegisterViewModel.swift */ = {isa = PBXFileReference; lastKnownFileType = sourcecode.swift; path = BusinessUserRegisterViewModel.swift; sourceTree = "<group>"; };
		50998B072B370B34002196B5 /* BusinessCategoryPage.swift */ = {isa = PBXFileReference; lastKnownFileType = sourcecode.swift; path = BusinessCategoryPage.swift; sourceTree = "<group>"; };
		50998B092B370ED5002196B5 /* TagView.swift */ = {isa = PBXFileReference; lastKnownFileType = sourcecode.swift; path = TagView.swift; sourceTree = "<group>"; };
		50998B0B2B371086002196B5 /* BusinessCategory.swift */ = {isa = PBXFileReference; lastKnownFileType = sourcecode.swift; path = BusinessCategory.swift; sourceTree = "<group>"; };
		50998B0D2B3723C2002196B5 /* BusinessAddressPage.swift */ = {isa = PBXFileReference; lastKnownFileType = sourcecode.swift; path = BusinessAddressPage.swift; sourceTree = "<group>"; };
		50998B0F2B39161D002196B5 /* RegexConstants.swift */ = {isa = PBXFileReference; lastKnownFileType = sourcecode.swift; path = RegexConstants.swift; sourceTree = "<group>"; };
		509CDA332B1F1AE9004A6D22 /* RegisterPage.swift */ = {isa = PBXFileReference; lastKnownFileType = sourcecode.swift; path = RegisterPage.swift; sourceTree = "<group>"; };
		509CDA362B1F1AFE004A6D22 /* CustomInputField.swift */ = {isa = PBXFileReference; lastKnownFileType = sourcecode.swift; path = CustomInputField.swift; sourceTree = "<group>"; };
		509CDA382B1F2414004A6D22 /* LoginRegisterUtil.swift */ = {isa = PBXFileReference; lastKnownFileType = sourcecode.swift; path = LoginRegisterUtil.swift; sourceTree = "<group>"; };
		50AAB1792AEFA2E9003FEDF1 /* locarie.app */ = {isa = PBXFileReference; explicitFileType = wrapper.application; includeInIndex = 0; path = locarie.app; sourceTree = BUILT_PRODUCTS_DIR; };
		50AAB17C2AEFA2E9003FEDF1 /* locarieApp.swift */ = {isa = PBXFileReference; lastKnownFileType = sourcecode.swift; path = locarieApp.swift; sourceTree = "<group>"; };
		50AAB17E2AEFA2E9003FEDF1 /* LocarieView.swift */ = {isa = PBXFileReference; lastKnownFileType = sourcecode.swift; path = LocarieView.swift; sourceTree = "<group>"; };
		50AAB1802AEFA2EC003FEDF1 /* Assets.xcassets */ = {isa = PBXFileReference; lastKnownFileType = folder.assetcatalog; path = Assets.xcassets; sourceTree = "<group>"; };
		50AAB1832AEFA2EC003FEDF1 /* Preview Assets.xcassets */ = {isa = PBXFileReference; lastKnownFileType = folder.assetcatalog; path = "Preview Assets.xcassets"; sourceTree = "<group>"; };
		50AAB1892AEFA2ED003FEDF1 /* locarieTests.xctest */ = {isa = PBXFileReference; explicitFileType = wrapper.cfbundle; includeInIndex = 0; path = locarieTests.xctest; sourceTree = BUILT_PRODUCTS_DIR; };
		50AAB18D2AEFA2ED003FEDF1 /* locarieTests.swift */ = {isa = PBXFileReference; lastKnownFileType = sourcecode.swift; path = locarieTests.swift; sourceTree = "<group>"; };
		50AAB1932AEFA2ED003FEDF1 /* locarieUITests.xctest */ = {isa = PBXFileReference; explicitFileType = wrapper.cfbundle; includeInIndex = 0; path = locarieUITests.xctest; sourceTree = BUILT_PRODUCTS_DIR; };
		50AAB1972AEFA2ED003FEDF1 /* locarieUITests.swift */ = {isa = PBXFileReference; lastKnownFileType = sourcecode.swift; path = locarieUITests.swift; sourceTree = "<group>"; };
		50AAB1992AEFA2ED003FEDF1 /* locarieUITestsLaunchTests.swift */ = {isa = PBXFileReference; lastKnownFileType = sourcecode.swift; path = locarieUITestsLaunchTests.swift; sourceTree = "<group>"; };
		50B11ACE2AF9DE77002A7B91 /* NewPostPage.swift */ = {isa = PBXFileReference; lastKnownFileType = sourcecode.swift; path = NewPostPage.swift; sourceTree = "<group>"; };
		50B11AD22AFA063B002A7B91 /* PhotoViewModel.swift */ = {isa = PBXFileReference; lastKnownFileType = sourcecode.swift; path = PhotoViewModel.swift; sourceTree = "<group>"; };
		50B11AD42AFA0F65002A7B91 /* ImageAttachmentView.swift */ = {isa = PBXFileReference; lastKnownFileType = sourcecode.swift; path = ImageAttachmentView.swift; sourceTree = "<group>"; };
		50B11AD62AFA28E8002A7B91 /* BusinessHomePage.swift */ = {isa = PBXFileReference; lastKnownFileType = sourcecode.swift; path = BusinessHomePage.swift; sourceTree = "<group>"; };
		50B11AD92AFB3660002A7B91 /* PostDetailPage.swift */ = {isa = PBXFileReference; lastKnownFileType = sourcecode.swift; path = PostDetailPage.swift; sourceTree = "<group>"; };
		50B11ADB2AFB51F5002A7B91 /* AvatarView.swift */ = {isa = PBXFileReference; lastKnownFileType = sourcecode.swift; path = AvatarView.swift; sourceTree = "<group>"; };
		50B11ADE2AFB7850002A7B91 /* ReviewView.swift */ = {isa = PBXFileReference; lastKnownFileType = sourcecode.swift; path = ReviewView.swift; sourceTree = "<group>"; };
		50B11AE02AFB7A46002A7B91 /* ReviewPage.swift */ = {isa = PBXFileReference; lastKnownFileType = sourcecode.swift; path = ReviewPage.swift; sourceTree = "<group>"; };
		50B11AE52AFB8368002A7B91 /* Message.swift */ = {isa = PBXFileReference; lastKnownFileType = sourcecode.swift; path = Message.swift; sourceTree = "<group>"; };
		50B11AE72AFB8392002A7B91 /* User.swift */ = {isa = PBXFileReference; lastKnownFileType = sourcecode.swift; path = User.swift; sourceTree = "<group>"; };
		50B11AEA2AFB8795002A7B91 /* MessageViewModel.swift */ = {isa = PBXFileReference; lastKnownFileType = sourcecode.swift; path = MessageViewModel.swift; sourceTree = "<group>"; };
		50E60DDC2AFF78D400CA088F /* Post.swift */ = {isa = PBXFileReference; lastKnownFileType = sourcecode.swift; path = Post.swift; sourceTree = "<group>"; };
		50E60DDE2AFF79A400CA088F /* PostViewModel.swift */ = {isa = PBXFileReference; lastKnownFileType = sourcecode.swift; path = PostViewModel.swift; sourceTree = "<group>"; };
		50E60DE42AFF80B400CA088F /* UserViewModel.swift */ = {isa = PBXFileReference; lastKnownFileType = sourcecode.swift; path = UserViewModel.swift; sourceTree = "<group>"; };
		50E60DE72AFF885F00CA088F /* Util.swift */ = {isa = PBXFileReference; lastKnownFileType = sourcecode.swift; path = Util.swift; sourceTree = "<group>"; };
		50E60DE92B006FB100CA088F /* LocationManager.swift */ = {isa = PBXFileReference; lastKnownFileType = sourcecode.swift; path = LocationManager.swift; sourceTree = "<group>"; };
		50E60DED2B01F4F900CA088F /* Info.plist */ = {isa = PBXFileReference; lastKnownFileType = text.plist.xml; path = Info.plist; sourceTree = "<group>"; };
		50F85B3C2B23F09B00D04787 /* APIEndpoints.swift */ = {isa = PBXFileReference; lastKnownFileType = sourcecode.swift; path = APIEndpoints.swift; sourceTree = "<group>"; };
		50F85B422B242CA000D04787 /* Errors.swift */ = {isa = PBXFileReference; lastKnownFileType = sourcecode.swift; path = Errors.swift; sourceTree = "<group>"; };
		50F85B442B242EE200D04787 /* APIServices.swift */ = {isa = PBXFileReference; lastKnownFileType = sourcecode.swift; path = APIServices.swift; sourceTree = "<group>"; };
/* End PBXFileReference section */

/* Begin PBXFrameworksBuildPhase section */
		50AAB1762AEFA2E9003FEDF1 /* Frameworks */ = {
			isa = PBXFrameworksBuildPhase;
			buildActionMask = 2147483647;
			files = (
				50B5DEBF2B3ADE1800C0A641 /* MapboxMaps in Frameworks */,
				503905782B340A4E005B574F /* Alamofire in Frameworks */,
			);
			runOnlyForDeploymentPostprocessing = 0;
		};
		50AAB1862AEFA2ED003FEDF1 /* Frameworks */ = {
			isa = PBXFrameworksBuildPhase;
			buildActionMask = 2147483647;
			files = (
			);
			runOnlyForDeploymentPostprocessing = 0;
		};
		50AAB1902AEFA2ED003FEDF1 /* Frameworks */ = {
			isa = PBXFrameworksBuildPhase;
			buildActionMask = 2147483647;
			files = (
			);
			runOnlyForDeploymentPostprocessing = 0;
		};
/* End PBXFrameworksBuildPhase section */

/* Begin PBXGroup section */
		5000C6C32AF7CD3D0057EF2D /* TabView */ = {
			isa = PBXGroup;
			children = (
				5000C6C12AF7C7350057EF2D /* BottomTabView.swift */,
				5000C6C42AF8B9EF0057EF2D /* BottomTabViewRouter.swift */,
				5000C6C62AF8BA580057EF2D /* BottomTabViewItem.swift */,
			);
			path = TabView;
			sourceTree = "<group>";
		};
		5000C6CA2AF8CF190057EF2D /* Components */ = {
			isa = PBXGroup;
			children = (
				5037D2C82AF2337400108F0F /* MessageRowView.swift */,
				5000C6CD2AF8D9A20057EF2D /* MessageView.swift */,
			);
			path = Components;
			sourceTree = "<group>";
		};
		500F661F2B257C4C0074FE3C /* Dtos */ = {
			isa = PBXGroup;
			children = (
				50369A692B2DBD55005D6B43 /* Post */,
				50369A662B2DBCBC005D6B43 /* User */,
				500F66202B257D4D0074FE3C /* Dtos.swift */,
			);
			path = Dtos;
			sourceTree = "<group>";
		};
		50277F722AF117640045AB12 /* Home */ = {
			isa = PBXGroup;
			children = (
				50277F732AF117700045AB12 /* HomePage.swift */,
				5000C6C82AF8C3440057EF2D /* SearchPage.swift */,
			);
			path = Home;
			sourceTree = "<group>";
		};
		50277F752AF117840045AB12 /* Favorite */ = {
			isa = PBXGroup;
			children = (
				50277F762AF117970045AB12 /* FavoritePage.swift */,
			);
			path = Favorite;
			sourceTree = "<group>";
		};
		50277F782AF117A70045AB12 /* Message */ = {
			isa = PBXGroup;
			children = (
				5000C6CA2AF8CF190057EF2D /* Components */,
				50277F792AF117B20045AB12 /* MessagePage.swift */,
				5000C6CB2AF8CFB30057EF2D /* MessageDetailPage.swift */,
			);
			path = Message;
			sourceTree = "<group>";
		};
		50277F7B2AF117C30045AB12 /* Profile */ = {
			isa = PBXGroup;
			children = (
				50277F7C2AF117CE0045AB12 /* UserProfilePage.swift */,
				50B11AD62AFA28E8002A7B91 /* BusinessHomePage.swift */,
			);
			path = Profile;
			sourceTree = "<group>";
		};
		50277F7E2AF12A640045AB12 /* Components */ = {
			isa = PBXGroup;
			children = (
				5000C6C32AF7CD3D0057EF2D /* TabView */,
				50277F7F2AF12A700045AB12 /* SearchBarView.swift */,
				50277F812AF1512E0045AB12 /* PostCardView.swift */,
				503794AB2AF1F44A00DA64F4 /* BottomDrawerView.swift */,
				50B11ADB2AFB51F5002A7B91 /* AvatarView.swift */,
				500477092B05DAAC0031AA94 /* AsyncImageView.swift */,
				50998B092B370ED5002196B5 /* TagView.swift */,
			);
			path = Components;
			sourceTree = "<group>";
		};
		502A4FEE2B32D32D00C0833A /* Extensions */ = {
			isa = PBXGroup;
			children = (
				502A4FEF2B32D34B00C0833A /* Color+Extensions.swift */,
				502A4FF12B32D37E00C0833A /* CLLocationCoordinate2D+Extensions.swift */,
			);
			path = Extensions;
			sourceTree = "<group>";
		};
		502A4FF32B32D44E00C0833A /* Post */ = {
			isa = PBXGroup;
			children = (
				50369A6C2B300908005D6B43 /* PostCreateService.swift */,
				502A4FF52B32D48400C0833A /* PostListService.swift */,
			);
			path = Post;
			sourceTree = "<group>";
		};
		502A4FF42B32D45400C0833A /* User */ = {
			isa = PBXGroup;
			children = (
				5054CDEE2B288D3300645F5C /* UserLoginService.swift */,
				5054CDF02B288D6C00645F5C /* UserRegisterService.swift */,
			);
			path = User;
			sourceTree = "<group>";
		};
		50369A622B2DBC3B005D6B43 /* User */ = {
			isa = PBXGroup;
			children = (
				50B11AE72AFB8392002A7B91 /* User.swift */,
				5054CDF22B28954E00645F5C /* UserInfo.swift */,
			);
			path = User;
			sourceTree = "<group>";
		};
		50369A632B2DBC4B005D6B43 /* Post */ = {
			isa = PBXGroup;
			children = (
				50E60DDC2AFF78D400CA088F /* Post.swift */,
			);
			path = Post;
			sourceTree = "<group>";
		};
		50369A642B2DBC54005D6B43 /* Message */ = {
			isa = PBXGroup;
			children = (
				50B11AE52AFB8368002A7B91 /* Message.swift */,
			);
			path = Message;
			sourceTree = "<group>";
		};
		50369A662B2DBCBC005D6B43 /* User */ = {
			isa = PBXGroup;
			children = (
				50369A672B2DBCD9005D6B43 /* UserLoginDto.swift */,
				502A4FFB2B32D71500C0833A /* UserDto.swift */,
				50998AFA2B35D512002196B5 /* RegularUserRegisterRequestDto.swift */,
				50998B032B3708FC002196B5 /* BusinessuserRegisterRequestDto.swift */,
			);
			path = User;
			sourceTree = "<group>";
		};
		50369A692B2DBD55005D6B43 /* Post */ = {
			isa = PBXGroup;
			children = (
				50369A6A2B2DBD67005D6B43 /* PostCreateDto.swift */,
				502A4FF72B32D4CD00C0833A /* PostListDto.swift */,
				502A4FF92B32D68B00C0833A /* PostDto.swift */,
			);
			path = Post;
			sourceTree = "<group>";
		};
		50369A6E2B30417A005D6B43 /* Post */ = {
			isa = PBXGroup;
			children = (
				50E60DDE2AFF79A400CA088F /* PostViewModel.swift */,
				50369A6F2B304195005D6B43 /* PostCreateViewModel.swift */,
				503905792B341418005B574F /* PostListNearbyViewModel.swift */,
			);
			path = Post;
			sourceTree = "<group>";
		};
		5054CDED2B288D1500645F5C /* APIServices */ = {
			isa = PBXGroup;
			children = (
				502A4FF32B32D44E00C0833A /* Post */,
				502A4FF42B32D45400C0833A /* User */,
				50F85B442B242EE200D04787 /* APIServices.swift */,
			);
			path = APIServices;
			sourceTree = "<group>";
		};
		5090C4352B04DDA3008931A6 /* Resources */ = {
			isa = PBXGroup;
			children = (
				5090C4362B04DDEA008931A6 /* users.json */,
				5090C4382B04E5CF008931A6 /* posts.json */,
			);
			path = Resources;
			sourceTree = "<group>";
		};
		50998AF52B35D4C1002196B5 /* User */ = {
			isa = PBXGroup;
			children = (
				50998AF62B35D4EA002196B5 /* RegularUserRegisterViewModel.swift */,
				50998B052B37096B002196B5 /* BusinessUserRegisterViewModel.swift */,
			);
			path = User;
			sourceTree = "<group>";
		};
		50998AFC2B366C0E002196B5 /* Layouts */ = {
			isa = PBXGroup;
			children = (
				50998AFD2B366C29002196B5 /* WrappingHStack.swift */,
			);
			path = Layouts;
			sourceTree = "<group>";
		};
		509CDA302B1F078E004A6D22 /* Login */ = {
			isa = PBXGroup;
			children = (
				509CDA352B1F1AED004A6D22 /* Components */,
				509CDA332B1F1AE9004A6D22 /* RegisterPage.swift */,
				50998AEB2B35B839002196B5 /* LoginPage.swift */,
				50998AEF2B35D00D002196B5 /* LoginOrRegisterPage.swift */,
				50998AF12B35D195002196B5 /* ResetPasswordPage.swift */,
				50998AF32B35D376002196B5 /* RegularRegisterPage.swift */,
				50998B012B36842A002196B5 /* BusinessRegisterPage.swift */,
				50998B072B370B34002196B5 /* BusinessCategoryPage.swift */,
				50998B0D2B3723C2002196B5 /* BusinessAddressPage.swift */,
			);
			path = Login;
			sourceTree = "<group>";
		};
		509CDA352B1F1AED004A6D22 /* Components */ = {
			isa = PBXGroup;
			children = (
				509CDA362B1F1AFE004A6D22 /* CustomInputField.swift */,
			);
			path = Components;
			sourceTree = "<group>";
		};
		50AAB1702AEFA2E9003FEDF1 = {
			isa = PBXGroup;
			children = (
				50AAB17B2AEFA2E9003FEDF1 /* locarie */,
				50AAB18C2AEFA2ED003FEDF1 /* locarieTests */,
				50AAB1962AEFA2ED003FEDF1 /* locarieUITests */,
				50AAB17A2AEFA2E9003FEDF1 /* Products */,
			);
			indentWidth = 2;
			sourceTree = "<group>";
			tabWidth = 2;
			usesTabs = 0;
		};
		50AAB17A2AEFA2E9003FEDF1 /* Products */ = {
			isa = PBXGroup;
			children = (
				50AAB1792AEFA2E9003FEDF1 /* locarie.app */,
				50AAB1892AEFA2ED003FEDF1 /* locarieTests.xctest */,
				50AAB1932AEFA2ED003FEDF1 /* locarieUITests.xctest */,
			);
			name = Products;
			sourceTree = "<group>";
		};
		50AAB17B2AEFA2E9003FEDF1 /* locarie */ = {
			isa = PBXGroup;
			children = (
				50E60DE62AFF885200CA088F /* Common */,
				50277F7E2AF12A640045AB12 /* Components */,
				500F661F2B257C4C0074FE3C /* Dtos */,
				502A4FEE2B32D32D00C0833A /* Extensions */,
				50998AFC2B366C0E002196B5 /* Layouts */,
				50B11AE22AFB834A002A7B91 /* Models */,
				50F85B3B2B23EFF600D04787 /* Networking */,
				5090C4352B04DDA3008931A6 /* Resources */,
				50B11AE92AFB878A002A7B91 /* ViewModels */,
				50B11ACC2AF9DDD9002A7B91 /* Views */,
				50E60DED2B01F4F900CA088F /* Info.plist */,
				50AAB17C2AEFA2E9003FEDF1 /* locarieApp.swift */,
				50AAB17E2AEFA2E9003FEDF1 /* LocarieView.swift */,
				50AAB1802AEFA2EC003FEDF1 /* Assets.xcassets */,
				50AAB1822AEFA2EC003FEDF1 /* Preview Content */,
			);
			path = locarie;
			sourceTree = "<group>";
		};
		50AAB1822AEFA2EC003FEDF1 /* Preview Content */ = {
			isa = PBXGroup;
			children = (
				50AAB1832AEFA2EC003FEDF1 /* Preview Assets.xcassets */,
			);
			path = "Preview Content";
			sourceTree = "<group>";
		};
		50AAB18C2AEFA2ED003FEDF1 /* locarieTests */ = {
			isa = PBXGroup;
			children = (
				50AAB18D2AEFA2ED003FEDF1 /* locarieTests.swift */,
			);
			path = locarieTests;
			sourceTree = "<group>";
		};
		50AAB1962AEFA2ED003FEDF1 /* locarieUITests */ = {
			isa = PBXGroup;
			children = (
				50AAB1972AEFA2ED003FEDF1 /* locarieUITests.swift */,
				50AAB1992AEFA2ED003FEDF1 /* locarieUITestsLaunchTests.swift */,
			);
			path = locarieUITests;
			sourceTree = "<group>";
		};
		50B11ACC2AF9DDD9002A7B91 /* Views */ = {
			isa = PBXGroup;
			children = (
				509CDA302B1F078E004A6D22 /* Login */,
				50B11AD82AFB3654002A7B91 /* Post */,
				50B11ACD2AF9DE68002A7B91 /* New */,
				50277F752AF117840045AB12 /* Favorite */,
				50277F722AF117640045AB12 /* Home */,
				50277F782AF117A70045AB12 /* Message */,
				50277F7B2AF117C30045AB12 /* Profile */,
			);
			path = Views;
			sourceTree = "<group>";
		};
		50B11ACD2AF9DE68002A7B91 /* New */ = {
			isa = PBXGroup;
			children = (
				50B11ACE2AF9DE77002A7B91 /* NewPostPage.swift */,
				50B11AD22AFA063B002A7B91 /* PhotoViewModel.swift */,
				50B11AD42AFA0F65002A7B91 /* ImageAttachmentView.swift */,
			);
			path = New;
			sourceTree = "<group>";
		};
		50B11AD82AFB3654002A7B91 /* Post */ = {
			isa = PBXGroup;
			children = (
				50B11ADD2AFB781E002A7B91 /* components */,
				50B11AD92AFB3660002A7B91 /* PostDetailPage.swift */,
				50B11AE02AFB7A46002A7B91 /* ReviewPage.swift */,
			);
			path = Post;
			sourceTree = "<group>";
		};
		50B11ADD2AFB781E002A7B91 /* components */ = {
			isa = PBXGroup;
			children = (
				50B11ADE2AFB7850002A7B91 /* ReviewView.swift */,
			);
			path = components;
			sourceTree = "<group>";
		};
		50B11AE22AFB834A002A7B91 /* Models */ = {
			isa = PBXGroup;
			children = (
				50369A642B2DBC54005D6B43 /* Message */,
				50369A632B2DBC4B005D6B43 /* Post */,
				50369A622B2DBC3B005D6B43 /* User */,
				500F66252B2854A80074FE3C /* LocalCache.swift */,
				50998B0B2B371086002196B5 /* BusinessCategory.swift */,
			);
			path = Models;
			sourceTree = "<group>";
		};
		50B11AE92AFB878A002A7B91 /* ViewModels */ = {
			isa = PBXGroup;
			children = (
				50369A6E2B30417A005D6B43 /* Post */,
				50998AF52B35D4C1002196B5 /* User */,
				5054CDF42B289E7F00645F5C /* LoginViewModel.swift */,
				50B11AEA2AFB8795002A7B91 /* MessageViewModel.swift */,
				5054CDEB2B28807800645F5C /* LocalCacheViewModel.swift */,
				50E60DE42AFF80B400CA088F /* UserViewModel.swift */,
			);
			path = ViewModels;
			sourceTree = "<group>";
		};
		50E60DE62AFF885200CA088F /* Common */ = {
			isa = PBXGroup;
			children = (
				50E60DE72AFF885F00CA088F /* Util.swift */,
				50E60DE92B006FB100CA088F /* LocationManager.swift */,
				500F66232B25CE320074FE3C /* LocalCacheKeys.swift */,
				509CDA382B1F2414004A6D22 /* LoginRegisterUtil.swift */,
				50998AED2B35BAAD002196B5 /* LoginRegisterComponentBuilder.swift */,
				50998B0F2B39161D002196B5 /* RegexConstants.swift */,
			);
			path = Common;
			sourceTree = "<group>";
		};
		50F85B3B2B23EFF600D04787 /* Networking */ = {
			isa = PBXGroup;
			children = (
				5054CDED2B288D1500645F5C /* APIServices */,
				50F85B3C2B23F09B00D04787 /* APIEndpoints.swift */,
				50F85B422B242CA000D04787 /* Errors.swift */,
			);
			path = Networking;
			sourceTree = "<group>";
		};
/* End PBXGroup section */

/* Begin PBXNativeTarget section */
		50AAB1782AEFA2E9003FEDF1 /* locarie */ = {
			isa = PBXNativeTarget;
			buildConfigurationList = 50AAB19D2AEFA2ED003FEDF1 /* Build configuration list for PBXNativeTarget "locarie" */;
			buildPhases = (
				50AAB1752AEFA2E9003FEDF1 /* Sources */,
				50AAB1762AEFA2E9003FEDF1 /* Frameworks */,
				50AAB1772AEFA2E9003FEDF1 /* Resources */,
			);
			buildRules = (
			);
			dependencies = (
			);
			name = locarie;
			packageProductDependencies = (
				503905772B340A4E005B574F /* Alamofire */,
				50B5DEBE2B3ADE1800C0A641 /* MapboxMaps */,
			);
			productName = locarie;
			productReference = 50AAB1792AEFA2E9003FEDF1 /* locarie.app */;
			productType = "com.apple.product-type.application";
		};
		50AAB1882AEFA2ED003FEDF1 /* locarieTests */ = {
			isa = PBXNativeTarget;
			buildConfigurationList = 50AAB1A02AEFA2ED003FEDF1 /* Build configuration list for PBXNativeTarget "locarieTests" */;
			buildPhases = (
				50AAB1852AEFA2ED003FEDF1 /* Sources */,
				50AAB1862AEFA2ED003FEDF1 /* Frameworks */,
				50AAB1872AEFA2ED003FEDF1 /* Resources */,
			);
			buildRules = (
			);
			dependencies = (
				50AAB18B2AEFA2ED003FEDF1 /* PBXTargetDependency */,
			);
			name = locarieTests;
			productName = locarieTests;
			productReference = 50AAB1892AEFA2ED003FEDF1 /* locarieTests.xctest */;
			productType = "com.apple.product-type.bundle.unit-test";
		};
		50AAB1922AEFA2ED003FEDF1 /* locarieUITests */ = {
			isa = PBXNativeTarget;
			buildConfigurationList = 50AAB1A32AEFA2ED003FEDF1 /* Build configuration list for PBXNativeTarget "locarieUITests" */;
			buildPhases = (
				50AAB18F2AEFA2ED003FEDF1 /* Sources */,
				50AAB1902AEFA2ED003FEDF1 /* Frameworks */,
				50AAB1912AEFA2ED003FEDF1 /* Resources */,
			);
			buildRules = (
			);
			dependencies = (
				50AAB1952AEFA2ED003FEDF1 /* PBXTargetDependency */,
			);
			name = locarieUITests;
			productName = locarieUITests;
			productReference = 50AAB1932AEFA2ED003FEDF1 /* locarieUITests.xctest */;
			productType = "com.apple.product-type.bundle.ui-testing";
		};
/* End PBXNativeTarget section */

/* Begin PBXProject section */
		50AAB1712AEFA2E9003FEDF1 /* Project object */ = {
			isa = PBXProject;
			attributes = {
				BuildIndependentTargetsInParallel = 1;
				LastSwiftUpdateCheck = 1500;
				LastUpgradeCheck = 1500;
				TargetAttributes = {
					50AAB1782AEFA2E9003FEDF1 = {
						CreatedOnToolsVersion = 15.0.1;
					};
					50AAB1882AEFA2ED003FEDF1 = {
						CreatedOnToolsVersion = 15.0.1;
						TestTargetID = 50AAB1782AEFA2E9003FEDF1;
					};
					50AAB1922AEFA2ED003FEDF1 = {
						CreatedOnToolsVersion = 15.0.1;
						TestTargetID = 50AAB1782AEFA2E9003FEDF1;
					};
				};
			};
			buildConfigurationList = 50AAB1742AEFA2E9003FEDF1 /* Build configuration list for PBXProject "locarie" */;
			compatibilityVersion = "Xcode 14.0";
			developmentRegion = en;
			hasScannedForEncodings = 0;
			knownRegions = (
				en,
				Base,
			);
			mainGroup = 50AAB1702AEFA2E9003FEDF1;
			packageReferences = (
				503905762B340A4E005B574F /* XCRemoteSwiftPackageReference "Alamofire" */,
				50B5DEBD2B3ADE1800C0A641 /* XCRemoteSwiftPackageReference "mapbox-maps-ios" */,
			);
			productRefGroup = 50AAB17A2AEFA2E9003FEDF1 /* Products */;
			projectDirPath = "";
			projectRoot = "";
			targets = (
				50AAB1782AEFA2E9003FEDF1 /* locarie */,
				50AAB1882AEFA2ED003FEDF1 /* locarieTests */,
				50AAB1922AEFA2ED003FEDF1 /* locarieUITests */,
			);
		};
/* End PBXProject section */

/* Begin PBXResourcesBuildPhase section */
		50AAB1772AEFA2E9003FEDF1 /* Resources */ = {
			isa = PBXResourcesBuildPhase;
			buildActionMask = 2147483647;
			files = (
				50AAB1842AEFA2EC003FEDF1 /* Preview Assets.xcassets in Resources */,
				5090C4372B04DDEA008931A6 /* users.json in Resources */,
				50AAB1812AEFA2EC003FEDF1 /* Assets.xcassets in Resources */,
				5090C4392B04E5CF008931A6 /* posts.json in Resources */,
			);
			runOnlyForDeploymentPostprocessing = 0;
		};
		50AAB1872AEFA2ED003FEDF1 /* Resources */ = {
			isa = PBXResourcesBuildPhase;
			buildActionMask = 2147483647;
			files = (
			);
			runOnlyForDeploymentPostprocessing = 0;
		};
		50AAB1912AEFA2ED003FEDF1 /* Resources */ = {
			isa = PBXResourcesBuildPhase;
			buildActionMask = 2147483647;
			files = (
			);
			runOnlyForDeploymentPostprocessing = 0;
		};
/* End PBXResourcesBuildPhase section */

/* Begin PBXSourcesBuildPhase section */
		50AAB1752AEFA2E9003FEDF1 /* Sources */ = {
			isa = PBXSourcesBuildPhase;
			buildActionMask = 2147483647;
			files = (
				50B11AE82AFB8392002A7B91 /* User.swift in Sources */,
				5000C6C52AF8B9EF0057EF2D /* BottomTabViewRouter.swift in Sources */,
				50E60DEA2B006FB100CA088F /* LocationManager.swift in Sources */,
				5000C6C22AF7C7350057EF2D /* BottomTabView.swift in Sources */,
				50998B062B37096B002196B5 /* BusinessUserRegisterViewModel.swift in Sources */,
				50E60DDD2AFF78D400CA088F /* Post.swift in Sources */,
				50998AEC2B35B839002196B5 /* LoginPage.swift in Sources */,
				50277F802AF12A700045AB12 /* SearchBarView.swift in Sources */,
				50369A702B304196005D6B43 /* PostCreateViewModel.swift in Sources */,
				50998AF42B35D376002196B5 /* RegularRegisterPage.swift in Sources */,
				502A4FFC2B32D71500C0833A /* UserDto.swift in Sources */,
				50B11AD52AFA0F65002A7B91 /* ImageAttachmentView.swift in Sources */,
				5054CDF12B288D6C00645F5C /* UserRegisterService.swift in Sources */,
				502A4FF82B32D4CD00C0833A /* PostListDto.swift in Sources */,
				503794AC2AF1F44A00DA64F4 /* BottomDrawerView.swift in Sources */,
				50998B102B39161D002196B5 /* RegexConstants.swift in Sources */,
				502A4FF22B32D37F00C0833A /* CLLocationCoordinate2D+Extensions.swift in Sources */,
				502A4FF02B32D34B00C0833A /* Color+Extensions.swift in Sources */,
				5000C6CC2AF8CFB30057EF2D /* MessageDetailPage.swift in Sources */,
				50998AEE2B35BAAD002196B5 /* LoginRegisterComponentBuilder.swift in Sources */,
				5054CDEF2B288D3300645F5C /* UserLoginService.swift in Sources */,
				50277F822AF1512E0045AB12 /* PostCardView.swift in Sources */,
				5000C6C72AF8BA580057EF2D /* BottomTabViewItem.swift in Sources */,
				50277F772AF117970045AB12 /* FavoritePage.swift in Sources */,
				5037D2C92AF2337400108F0F /* MessageRowView.swift in Sources */,
				502A4FF62B32D48400C0833A /* PostListService.swift in Sources */,
				50369A6D2B300908005D6B43 /* PostCreateService.swift in Sources */,
				50277F742AF117700045AB12 /* HomePage.swift in Sources */,
				509CDA342B1F1AE9004A6D22 /* RegisterPage.swift in Sources */,
				50F85B452B242EE200D04787 /* APIServices.swift in Sources */,
				50E60DE52AFF80B400CA088F /* UserViewModel.swift in Sources */,
				509CDA372B1F1AFE004A6D22 /* CustomInputField.swift in Sources */,
				50B11ADF2AFB7850002A7B91 /* ReviewView.swift in Sources */,
				50277F7A2AF117B20045AB12 /* MessagePage.swift in Sources */,
				502A4FFA2B32D68B00C0833A /* PostDto.swift in Sources */,
				50F85B3D2B23F09B00D04787 /* APIEndpoints.swift in Sources */,
				50B11AEB2AFB8795002A7B91 /* MessageViewModel.swift in Sources */,
				50998B0C2B371086002196B5 /* BusinessCategory.swift in Sources */,
				5054CDF32B28954E00645F5C /* UserInfo.swift in Sources */,
				5039057A2B341418005B574F /* PostListNearbyViewModel.swift in Sources */,
				509CDA392B1F2414004A6D22 /* LoginRegisterUtil.swift in Sources */,
				5000C6C92AF8C3440057EF2D /* SearchPage.swift in Sources */,
				50998AF22B35D195002196B5 /* ResetPasswordPage.swift in Sources */,
				50B11AD72AFA28E9002A7B91 /* BusinessHomePage.swift in Sources */,
				50AAB17F2AEFA2E9003FEDF1 /* LocarieView.swift in Sources */,
				50998B022B36842A002196B5 /* BusinessRegisterPage.swift in Sources */,
				50B11ADC2AFB51F5002A7B91 /* AvatarView.swift in Sources */,
				5054CDEC2B28807800645F5C /* LocalCacheViewModel.swift in Sources */,
				50369A6B2B2DBD67005D6B43 /* PostCreateDto.swift in Sources */,
				50B11ACF2AF9DE77002A7B91 /* NewPostPage.swift in Sources */,
				500F66262B2854A90074FE3C /* LocalCache.swift in Sources */,
				50998B0E2B3723C2002196B5 /* BusinessAddressPage.swift in Sources */,
				50998AF02B35D00D002196B5 /* LoginOrRegisterPage.swift in Sources */,
				50B11AE12AFB7A46002A7B91 /* ReviewPage.swift in Sources */,
				50E60DE82AFF885F00CA088F /* Util.swift in Sources */,
				50B11AE62AFB8368002A7B91 /* Message.swift in Sources */,
				50F85B432B242CA000D04787 /* Errors.swift in Sources */,
				50998AFE2B366C29002196B5 /* WrappingHStack.swift in Sources */,
				5054CDF52B289E7F00645F5C /* LoginViewModel.swift in Sources */,
				50998B042B3708FC002196B5 /* BusinessuserRegisterRequestDto.swift in Sources */,
				50998AF72B35D4EA002196B5 /* RegularUserRegisterViewModel.swift in Sources */,
				5004770A2B05DAAC0031AA94 /* AsyncImageView.swift in Sources */,
				50998B082B370B34002196B5 /* BusinessCategoryPage.swift in Sources */,
				500F66242B25CE320074FE3C /* LocalCacheKeys.swift in Sources */,
				50B11AD32AFA063B002A7B91 /* PhotoViewModel.swift in Sources */,
				50E60DDF2AFF79A400CA088F /* PostViewModel.swift in Sources */,
				50369A682B2DBCD9005D6B43 /* UserLoginDto.swift in Sources */,
				50277F7D2AF117CE0045AB12 /* UserProfilePage.swift in Sources */,
				50998AFB2B35D512002196B5 /* RegularUserRegisterRequestDto.swift in Sources */,
				50B11ADA2AFB3661002A7B91 /* PostDetailPage.swift in Sources */,
				50AAB17D2AEFA2E9003FEDF1 /* locarieApp.swift in Sources */,
				5000C6CE2AF8D9A20057EF2D /* MessageView.swift in Sources */,
				500F66212B257D4D0074FE3C /* Dtos.swift in Sources */,
				50998B0A2B370ED5002196B5 /* TagView.swift in Sources */,
			);
			runOnlyForDeploymentPostprocessing = 0;
		};
		50AAB1852AEFA2ED003FEDF1 /* Sources */ = {
			isa = PBXSourcesBuildPhase;
			buildActionMask = 2147483647;
			files = (
				50AAB18E2AEFA2ED003FEDF1 /* locarieTests.swift in Sources */,
			);
			runOnlyForDeploymentPostprocessing = 0;
		};
		50AAB18F2AEFA2ED003FEDF1 /* Sources */ = {
			isa = PBXSourcesBuildPhase;
			buildActionMask = 2147483647;
			files = (
				50AAB19A2AEFA2ED003FEDF1 /* locarieUITestsLaunchTests.swift in Sources */,
				50AAB1982AEFA2ED003FEDF1 /* locarieUITests.swift in Sources */,
			);
			runOnlyForDeploymentPostprocessing = 0;
		};
/* End PBXSourcesBuildPhase section */

/* Begin PBXTargetDependency section */
		50AAB18B2AEFA2ED003FEDF1 /* PBXTargetDependency */ = {
			isa = PBXTargetDependency;
			target = 50AAB1782AEFA2E9003FEDF1 /* locarie */;
			targetProxy = 50AAB18A2AEFA2ED003FEDF1 /* PBXContainerItemProxy */;
		};
		50AAB1952AEFA2ED003FEDF1 /* PBXTargetDependency */ = {
			isa = PBXTargetDependency;
			target = 50AAB1782AEFA2E9003FEDF1 /* locarie */;
			targetProxy = 50AAB1942AEFA2ED003FEDF1 /* PBXContainerItemProxy */;
		};
/* End PBXTargetDependency section */

/* Begin XCBuildConfiguration section */
		50AAB19B2AEFA2ED003FEDF1 /* Debug */ = {
			isa = XCBuildConfiguration;
			buildSettings = {
				ALWAYS_SEARCH_USER_PATHS = NO;
				ASSETCATALOG_COMPILER_GENERATE_SWIFT_ASSET_SYMBOL_EXTENSIONS = YES;
				CLANG_ANALYZER_NONNULL = YES;
				CLANG_ANALYZER_NUMBER_OBJECT_CONVERSION = YES_AGGRESSIVE;
				CLANG_CXX_LANGUAGE_STANDARD = "gnu++20";
				CLANG_ENABLE_MODULES = YES;
				CLANG_ENABLE_OBJC_ARC = YES;
				CLANG_ENABLE_OBJC_WEAK = YES;
				CLANG_WARN_BLOCK_CAPTURE_AUTORELEASING = YES;
				CLANG_WARN_BOOL_CONVERSION = YES;
				CLANG_WARN_COMMA = YES;
				CLANG_WARN_CONSTANT_CONVERSION = YES;
				CLANG_WARN_DEPRECATED_OBJC_IMPLEMENTATIONS = YES;
				CLANG_WARN_DIRECT_OBJC_ISA_USAGE = YES_ERROR;
				CLANG_WARN_DOCUMENTATION_COMMENTS = YES;
				CLANG_WARN_EMPTY_BODY = YES;
				CLANG_WARN_ENUM_CONVERSION = YES;
				CLANG_WARN_INFINITE_RECURSION = YES;
				CLANG_WARN_INT_CONVERSION = YES;
				CLANG_WARN_NON_LITERAL_NULL_CONVERSION = YES;
				CLANG_WARN_OBJC_IMPLICIT_RETAIN_SELF = YES;
				CLANG_WARN_OBJC_LITERAL_CONVERSION = YES;
				CLANG_WARN_OBJC_ROOT_CLASS = YES_ERROR;
				CLANG_WARN_QUOTED_INCLUDE_IN_FRAMEWORK_HEADER = YES;
				CLANG_WARN_RANGE_LOOP_ANALYSIS = YES;
				CLANG_WARN_STRICT_PROTOTYPES = YES;
				CLANG_WARN_SUSPICIOUS_MOVE = YES;
				CLANG_WARN_UNGUARDED_AVAILABILITY = YES_AGGRESSIVE;
				CLANG_WARN_UNREACHABLE_CODE = YES;
				CLANG_WARN__DUPLICATE_METHOD_MATCH = YES;
				COPY_PHASE_STRIP = NO;
				DEBUG_INFORMATION_FORMAT = dwarf;
				ENABLE_STRICT_OBJC_MSGSEND = YES;
				ENABLE_TESTABILITY = YES;
				ENABLE_USER_SCRIPT_SANDBOXING = YES;
				GCC_C_LANGUAGE_STANDARD = gnu17;
				GCC_DYNAMIC_NO_PIC = NO;
				GCC_NO_COMMON_BLOCKS = YES;
				GCC_OPTIMIZATION_LEVEL = 0;
				GCC_PREPROCESSOR_DEFINITIONS = (
					"DEBUG=1",
					"$(inherited)",
				);
				GCC_WARN_64_TO_32_BIT_CONVERSION = YES;
				GCC_WARN_ABOUT_RETURN_TYPE = YES_ERROR;
				GCC_WARN_UNDECLARED_SELECTOR = YES;
				GCC_WARN_UNINITIALIZED_AUTOS = YES_AGGRESSIVE;
				GCC_WARN_UNUSED_FUNCTION = YES;
				GCC_WARN_UNUSED_VARIABLE = YES;
				IPHONEOS_DEPLOYMENT_TARGET = 16.0;
				LOCALIZATION_PREFERS_STRING_CATALOGS = YES;
				MTL_ENABLE_DEBUG_INFO = INCLUDE_SOURCE;
				MTL_FAST_MATH = YES;
				ONLY_ACTIVE_ARCH = YES;
				SDKROOT = iphoneos;
				SWIFT_ACTIVE_COMPILATION_CONDITIONS = "DEBUG $(inherited)";
				SWIFT_OPTIMIZATION_LEVEL = "-Onone";
			};
			name = Debug;
		};
		50AAB19C2AEFA2ED003FEDF1 /* Release */ = {
			isa = XCBuildConfiguration;
			buildSettings = {
				ALWAYS_SEARCH_USER_PATHS = NO;
				ASSETCATALOG_COMPILER_GENERATE_SWIFT_ASSET_SYMBOL_EXTENSIONS = YES;
				CLANG_ANALYZER_NONNULL = YES;
				CLANG_ANALYZER_NUMBER_OBJECT_CONVERSION = YES_AGGRESSIVE;
				CLANG_CXX_LANGUAGE_STANDARD = "gnu++20";
				CLANG_ENABLE_MODULES = YES;
				CLANG_ENABLE_OBJC_ARC = YES;
				CLANG_ENABLE_OBJC_WEAK = YES;
				CLANG_WARN_BLOCK_CAPTURE_AUTORELEASING = YES;
				CLANG_WARN_BOOL_CONVERSION = YES;
				CLANG_WARN_COMMA = YES;
				CLANG_WARN_CONSTANT_CONVERSION = YES;
				CLANG_WARN_DEPRECATED_OBJC_IMPLEMENTATIONS = YES;
				CLANG_WARN_DIRECT_OBJC_ISA_USAGE = YES_ERROR;
				CLANG_WARN_DOCUMENTATION_COMMENTS = YES;
				CLANG_WARN_EMPTY_BODY = YES;
				CLANG_WARN_ENUM_CONVERSION = YES;
				CLANG_WARN_INFINITE_RECURSION = YES;
				CLANG_WARN_INT_CONVERSION = YES;
				CLANG_WARN_NON_LITERAL_NULL_CONVERSION = YES;
				CLANG_WARN_OBJC_IMPLICIT_RETAIN_SELF = YES;
				CLANG_WARN_OBJC_LITERAL_CONVERSION = YES;
				CLANG_WARN_OBJC_ROOT_CLASS = YES_ERROR;
				CLANG_WARN_QUOTED_INCLUDE_IN_FRAMEWORK_HEADER = YES;
				CLANG_WARN_RANGE_LOOP_ANALYSIS = YES;
				CLANG_WARN_STRICT_PROTOTYPES = YES;
				CLANG_WARN_SUSPICIOUS_MOVE = YES;
				CLANG_WARN_UNGUARDED_AVAILABILITY = YES_AGGRESSIVE;
				CLANG_WARN_UNREACHABLE_CODE = YES;
				CLANG_WARN__DUPLICATE_METHOD_MATCH = YES;
				COPY_PHASE_STRIP = NO;
				DEBUG_INFORMATION_FORMAT = "dwarf-with-dsym";
				ENABLE_NS_ASSERTIONS = NO;
				ENABLE_STRICT_OBJC_MSGSEND = YES;
				ENABLE_USER_SCRIPT_SANDBOXING = YES;
				GCC_C_LANGUAGE_STANDARD = gnu17;
				GCC_NO_COMMON_BLOCKS = YES;
				GCC_WARN_64_TO_32_BIT_CONVERSION = YES;
				GCC_WARN_ABOUT_RETURN_TYPE = YES_ERROR;
				GCC_WARN_UNDECLARED_SELECTOR = YES;
				GCC_WARN_UNINITIALIZED_AUTOS = YES_AGGRESSIVE;
				GCC_WARN_UNUSED_FUNCTION = YES;
				GCC_WARN_UNUSED_VARIABLE = YES;
				IPHONEOS_DEPLOYMENT_TARGET = 16.0;
				LOCALIZATION_PREFERS_STRING_CATALOGS = YES;
				MTL_ENABLE_DEBUG_INFO = NO;
				MTL_FAST_MATH = YES;
				SDKROOT = iphoneos;
				SWIFT_COMPILATION_MODE = wholemodule;
				VALIDATE_PRODUCT = YES;
			};
			name = Release;
		};
		50AAB19E2AEFA2ED003FEDF1 /* Debug */ = {
			isa = XCBuildConfiguration;
			buildSettings = {
				ASSETCATALOG_COMPILER_APPICON_NAME = AppIcon;
				ASSETCATALOG_COMPILER_GLOBAL_ACCENT_COLOR_NAME = AccentColor;
				CODE_SIGN_IDENTITY = "Apple Development";
				CODE_SIGN_STYLE = Automatic;
				CURRENT_PROJECT_VERSION = 1;
				DEVELOPMENT_ASSET_PATHS = "\"locarie/Preview Content\"";
				DEVELOPMENT_TEAM = LL3436DYQK;
				ENABLE_PREVIEWS = YES;
				GENERATE_INFOPLIST_FILE = YES;
				INFOPLIST_FILE = locarie/Info.plist;
				INFOPLIST_KEY_NSLocationWhenInUseUsageDescription = 00009;
				INFOPLIST_KEY_UIApplicationSceneManifest_Generation = YES;
				INFOPLIST_KEY_UIApplicationSupportsIndirectInputEvents = YES;
				INFOPLIST_KEY_UILaunchScreen_Generation = YES;
				INFOPLIST_KEY_UISupportedInterfaceOrientations_iPad = "UIInterfaceOrientationPortrait UIInterfaceOrientationPortraitUpsideDown UIInterfaceOrientationLandscapeLeft UIInterfaceOrientationLandscapeRight";
				INFOPLIST_KEY_UISupportedInterfaceOrientations_iPhone = "UIInterfaceOrientationPortrait UIInterfaceOrientationLandscapeLeft UIInterfaceOrientationLandscapeRight";
				IPHONEOS_DEPLOYMENT_TARGET = 17.0;
				LD_RUNPATH_SEARCH_PATHS = (
					"$(inherited)",
					"@executable_path/Frameworks",
				);
				MARKETING_VERSION = 1.0;
				PRODUCT_BUNDLE_IDENTIFIER = com.qiu.qlocarie;
				PRODUCT_NAME = "$(TARGET_NAME)";
				PROVISIONING_PROFILE_SPECIFIER = "";
				SWIFT_EMIT_LOC_STRINGS = YES;
				SWIFT_VERSION = 5.0;
				TARGETED_DEVICE_FAMILY = "1,2";
			};
			name = Debug;
		};
		50AAB19F2AEFA2ED003FEDF1 /* Release */ = {
			isa = XCBuildConfiguration;
			buildSettings = {
				ASSETCATALOG_COMPILER_APPICON_NAME = AppIcon;
				ASSETCATALOG_COMPILER_GLOBAL_ACCENT_COLOR_NAME = AccentColor;
				CODE_SIGN_IDENTITY = "Apple Development";
				CODE_SIGN_STYLE = Automatic;
				CURRENT_PROJECT_VERSION = 1;
				DEVELOPMENT_ASSET_PATHS = "\"locarie/Preview Content\"";
				DEVELOPMENT_TEAM = WF4SXSCLV9;
				ENABLE_PREVIEWS = YES;
				GENERATE_INFOPLIST_FILE = YES;
				INFOPLIST_FILE = locarie/Info.plist;
				INFOPLIST_KEY_NSLocationWhenInUseUsageDescription = 00009;
				INFOPLIST_KEY_UIApplicationSceneManifest_Generation = YES;
				INFOPLIST_KEY_UIApplicationSupportsIndirectInputEvents = YES;
				INFOPLIST_KEY_UILaunchScreen_Generation = YES;
				INFOPLIST_KEY_UISupportedInterfaceOrientations_iPad = "UIInterfaceOrientationPortrait UIInterfaceOrientationPortraitUpsideDown UIInterfaceOrientationLandscapeLeft UIInterfaceOrientationLandscapeRight";
				INFOPLIST_KEY_UISupportedInterfaceOrientations_iPhone = "UIInterfaceOrientationPortrait UIInterfaceOrientationLandscapeLeft UIInterfaceOrientationLandscapeRight";
				IPHONEOS_DEPLOYMENT_TARGET = 17.0;
				LD_RUNPATH_SEARCH_PATHS = (
					"$(inherited)",
					"@executable_path/Frameworks",
				);
				MARKETING_VERSION = 1.0;
				PRODUCT_BUNDLE_IDENTIFIER = com.qiu.locarie;
				PRODUCT_NAME = "$(TARGET_NAME)";
				PROVISIONING_PROFILE_SPECIFIER = "";
				SWIFT_EMIT_LOC_STRINGS = YES;
				SWIFT_VERSION = 5.0;
				TARGETED_DEVICE_FAMILY = "1,2";
			};
			name = Release;
		};
		50AAB1A12AEFA2ED003FEDF1 /* Debug */ = {
			isa = XCBuildConfiguration;
			buildSettings = {
				ALWAYS_EMBED_SWIFT_STANDARD_LIBRARIES = YES;
				BUNDLE_LOADER = "$(TEST_HOST)";
				CODE_SIGN_STYLE = Automatic;
				CURRENT_PROJECT_VERSION = 1;
				GENERATE_INFOPLIST_FILE = YES;
				IPHONEOS_DEPLOYMENT_TARGET = 17.0;
				MARKETING_VERSION = 1.0;
				PRODUCT_BUNDLE_IDENTIFIER = com.qiu.locarieTests;
				PRODUCT_NAME = "$(TARGET_NAME)";
				SWIFT_EMIT_LOC_STRINGS = NO;
				SWIFT_VERSION = 5.0;
				TARGETED_DEVICE_FAMILY = "1,2";
				TEST_HOST = "$(BUILT_PRODUCTS_DIR)/locarie.app/$(BUNDLE_EXECUTABLE_FOLDER_PATH)/locarie";
			};
			name = Debug;
		};
		50AAB1A22AEFA2ED003FEDF1 /* Release */ = {
			isa = XCBuildConfiguration;
			buildSettings = {
				ALWAYS_EMBED_SWIFT_STANDARD_LIBRARIES = YES;
				BUNDLE_LOADER = "$(TEST_HOST)";
				CODE_SIGN_STYLE = Automatic;
				CURRENT_PROJECT_VERSION = 1;
				GENERATE_INFOPLIST_FILE = YES;
				IPHONEOS_DEPLOYMENT_TARGET = 17.0;
				MARKETING_VERSION = 1.0;
				PRODUCT_BUNDLE_IDENTIFIER = com.qiu.locarieTests;
				PRODUCT_NAME = "$(TARGET_NAME)";
				SWIFT_EMIT_LOC_STRINGS = NO;
				SWIFT_VERSION = 5.0;
				TARGETED_DEVICE_FAMILY = "1,2";
				TEST_HOST = "$(BUILT_PRODUCTS_DIR)/locarie.app/$(BUNDLE_EXECUTABLE_FOLDER_PATH)/locarie";
			};
			name = Release;
		};
		50AAB1A42AEFA2ED003FEDF1 /* Debug */ = {
			isa = XCBuildConfiguration;
			buildSettings = {
				ALWAYS_EMBED_SWIFT_STANDARD_LIBRARIES = YES;
				CODE_SIGN_STYLE = Automatic;
				CURRENT_PROJECT_VERSION = 1;
				GENERATE_INFOPLIST_FILE = YES;
				MARKETING_VERSION = 1.0;
				PRODUCT_BUNDLE_IDENTIFIER = com.qiu.locarieUITests;
				PRODUCT_NAME = "$(TARGET_NAME)";
				SWIFT_EMIT_LOC_STRINGS = NO;
				SWIFT_VERSION = 5.0;
				TARGETED_DEVICE_FAMILY = "1,2";
				TEST_TARGET_NAME = locarie;
			};
			name = Debug;
		};
		50AAB1A52AEFA2ED003FEDF1 /* Release */ = {
			isa = XCBuildConfiguration;
			buildSettings = {
				ALWAYS_EMBED_SWIFT_STANDARD_LIBRARIES = YES;
				CODE_SIGN_STYLE = Automatic;
				CURRENT_PROJECT_VERSION = 1;
				GENERATE_INFOPLIST_FILE = YES;
				MARKETING_VERSION = 1.0;
				PRODUCT_BUNDLE_IDENTIFIER = com.qiu.locarieUITests;
				PRODUCT_NAME = "$(TARGET_NAME)";
				SWIFT_EMIT_LOC_STRINGS = NO;
				SWIFT_VERSION = 5.0;
				TARGETED_DEVICE_FAMILY = "1,2";
				TEST_TARGET_NAME = locarie;
			};
			name = Release;
		};
/* End XCBuildConfiguration section */

/* Begin XCConfigurationList section */
		50AAB1742AEFA2E9003FEDF1 /* Build configuration list for PBXProject "locarie" */ = {
			isa = XCConfigurationList;
			buildConfigurations = (
				50AAB19B2AEFA2ED003FEDF1 /* Debug */,
				50AAB19C2AEFA2ED003FEDF1 /* Release */,
			);
			defaultConfigurationIsVisible = 0;
			defaultConfigurationName = Release;
		};
		50AAB19D2AEFA2ED003FEDF1 /* Build configuration list for PBXNativeTarget "locarie" */ = {
			isa = XCConfigurationList;
			buildConfigurations = (
				50AAB19E2AEFA2ED003FEDF1 /* Debug */,
				50AAB19F2AEFA2ED003FEDF1 /* Release */,
			);
			defaultConfigurationIsVisible = 0;
			defaultConfigurationName = Release;
		};
		50AAB1A02AEFA2ED003FEDF1 /* Build configuration list for PBXNativeTarget "locarieTests" */ = {
			isa = XCConfigurationList;
			buildConfigurations = (
				50AAB1A12AEFA2ED003FEDF1 /* Debug */,
				50AAB1A22AEFA2ED003FEDF1 /* Release */,
			);
			defaultConfigurationIsVisible = 0;
			defaultConfigurationName = Release;
		};
		50AAB1A32AEFA2ED003FEDF1 /* Build configuration list for PBXNativeTarget "locarieUITests" */ = {
			isa = XCConfigurationList;
			buildConfigurations = (
				50AAB1A42AEFA2ED003FEDF1 /* Debug */,
				50AAB1A52AEFA2ED003FEDF1 /* Release */,
			);
			defaultConfigurationIsVisible = 0;
			defaultConfigurationName = Release;
		};
/* End XCConfigurationList section */

/* Begin XCRemoteSwiftPackageReference section */
		503905762B340A4E005B574F /* XCRemoteSwiftPackageReference "Alamofire" */ = {
			isa = XCRemoteSwiftPackageReference;
			repositoryURL = "https://github.com/Alamofire/Alamofire";
			requirement = {
				kind = upToNextMajorVersion;
				minimumVersion = 5.8.1;
			};
		};
		50B5DEBD2B3ADE1800C0A641 /* XCRemoteSwiftPackageReference "mapbox-maps-ios" */ = {
			isa = XCRemoteSwiftPackageReference;
			repositoryURL = "https://github.com/mapbox/mapbox-maps-ios";
			requirement = {
				kind = upToNextMajorVersion;
				minimumVersion = 11.0.0;
			};
		};
/* End XCRemoteSwiftPackageReference section */

/* Begin XCSwiftPackageProductDependency section */
		503905772B340A4E005B574F /* Alamofire */ = {
			isa = XCSwiftPackageProductDependency;
			package = 503905762B340A4E005B574F /* XCRemoteSwiftPackageReference "Alamofire" */;
			productName = Alamofire;
		};
		50B5DEBE2B3ADE1800C0A641 /* MapboxMaps */ = {
			isa = XCSwiftPackageProductDependency;
			package = 50B5DEBD2B3ADE1800C0A641 /* XCRemoteSwiftPackageReference "mapbox-maps-ios" */;
			productName = MapboxMaps;
		};
/* End XCSwiftPackageProductDependency section */
	};
	rootObject = 50AAB1712AEFA2E9003FEDF1 /* Project object */;
}
